# auto-generated by grc.converter

id: sandia_utils_file_archiver
label: File Archiver
category: '[Sandia]/Sandia Utilities/File Operators'

parameters:
-   id: output_path
    label: Output Path
    dtype: string
-   id: format
    label: Filename Format
    dtype: string
-   id: archive
    label: Archive?
    dtype: int
    default: 'False'
    options: ['1', '0']
    option_labels: ['Yes', 'No']

inputs:
-   domain: message
    id: pdu
    optional: true

templates:
    imports: import sandia_utils
    make: sandia_utils.file_archiver(${output_path},${format},${archive})
    callbacks:
    - set_archive(${archive})
    - set_output_path(${output_path})
    - set_fname_format(${format})

file_format: 1
