# auto-generated by grc.converter

id: sandia_utils_python_interface_sink
label: Python Interface Sink
category: '[Sandia]/Sandia Utilities'

parameters:
-   id: maxsize
    label: Queue Size
    dtype: int
    default: '100'
-   id: type
    label: IO Type
    dtype: enum
    options: [complex, float, int, short, byte]
    hide: part
-   id: vec_len
    label: Vector Length
    dtype: int
    default: '1'
    hide: ${ 'part' if vlen == 1 else 'none' }

inputs:
-   domain: stream
    dtype: ${ type }
    vlen: ${ vec_len }
    optional: true

templates:
    imports: import sandia_utils
    make: sandia_utils.python_interface_sink(${maxsize}, ${vec_len})

file_format: 1
