# auto-generated by grc.converter

id: sandia_utils_message_vector_raster_file_sink
label: Message Vector Rasterized File Sink
category: '[Sandia]/Sandia Utilities'

parameters:
-   id: filename
    label: Filename
    dtype: file_save
-   id: n_rows
    label: Rows
    dtype: int

inputs:
-   domain: message
    id: in

templates:
    imports: import sandia_utils
    make: sandia_utils.message_vector_raster_file_sink(${filename}, ${n_rows})

documentation: |-
    Save message vector data to file, with a buffer to save n_rows of data.

file_format: 1
