# auto-generated by grc.converter

id: sandia_utils_message_vector_file_sink
label: Message Vector File Sink
category: '[Sandia]/Sandia Utilities'

parameters:
-   id: filename
    label: Filename
    dtype: file_save
-   id: append
    label: Append?
    dtype: bool
    default: 'False'
    options: ['True', 'False']

inputs:
-   domain: message
    id: in

templates:
    imports: import sandia_utils
    make: sandia_utils.message_vector_file_sink(${filename},${append})

file_format: 1
