# auto-generated by grc.converter

id: sandia_utils_invert_tune
label: Invert Tune
category: '[Sandia]/Sandia Utilities'

inputs:
-   domain: message
    id: tune
    optional: true

outputs:
-   domain: message
    id: tune
    optional: true

templates:
    imports: import sandia_utils
    make: sandia_utils.invert_tune()

file_format: 1
