# auto-generated by grc.converter

id: sandia_utils_message_file_debug
label: Message File Debug
category: '[Sandia]/Sandia Utilities'

parameters:
-   id: filename
    label: Filename
    dtype: file_save

inputs:
-   domain: message
    id: in

templates:
    imports: import sandia_utils
    make: sandia_utils.message_file_debug(${filename})

file_format: 1
