# auto-generated by grc.converter

id: sandia_utils_tagged_bits_to_bytes
label: Tag Bits Pack
category: '[Sandia]/Sandia Utilities'

parameters:
-   id: key
    label: Tag Key
    dtype: string
    default: '"BURST"'
-   id: stub_mode
    label: Stub Mode
    dtype: enum
    # options: ['0', '1', '2']
    options: [sandia_utils.DROP_STUB, sandia_utils.PAD_RIGHT,sandia_utils.PAD_LEFT]
    option_labels: [Drop Stub, Pad Right, Pad Left]
    hide: part
-   id: little_endian_flag
    label: Endianness
    dtype: enum
    options: ['True', 'False']
    option_labels: [Little Endian, Big Endian]
    hide: part
-   id: samp_rate
    label: Sample Rate
    dtype: float
    default: samp_rate
    hide: part
-   id: v_len
    label: Vector Length
    dtype: int
    default: '1'
    hide: part

inputs:
-   domain: stream
    dtype: byte

outputs:
-   domain: stream
    dtype: byte
    vlen: ${ v_len }

templates:
    imports: import sandia_utils
    make: sandia_utils.tagged_bits_to_bytes(${key}, ${little_endian_flag}, ${stub_mode},
        ${v_len}, ${samp_rate})
    callbacks:
    - set_sample_rate(${samp_rate})
    - set_little_endian_flag(${little_endian_flag})
    - set_vlen(${v_len})

file_format: 1
