# auto-generated by grc.converter

id: sandia_utils_python_message_interface
label: Python Message Interface
category: '[Sandia]/Sandia Utilities'

parameters:
-   id: queue_size
    label: Queue Size
    dtype: int
    default: '100'

inputs:
-   domain: message
    id: msg_in
    optional: true

outputs:
-   domain: message
    id: msg_out
    optional: true

templates:
    imports: import sandia_utils
    make: sandia_utils.python_message_interface(${queue_size})

documentation: |-
    Message bridge between the flowgraph and the controlling python script.

    This block uses an internal python Queue to hold incoming messages. In order to empty the queue, call the get_message() function from the python flowgraph script.

    Inputs:
        msg_in: message input

    Outputs:
        msg_out: message output

    Internal Functions:
        flush_messages():
            empty the queue
        get_message(timeout):
            get the next message from the queue (optionally specify timeout in seconds, otherwise it will block)
        send_message(message):
            send the given message on the msg_out port

file_format: 1
