# auto-generated by grc.converter

id: rftap_rftap_encap
label: RFtap Encapsulation
category: '[Sandia]/Sandia Utilities'

parameters:
-   id: encapsulation_from
    label: Type
    dtype: enum
    default: '0'
    options: ['0', '1', '2', '3']
    option_labels: [From PDU "dlt" key, From PDU "dissector" key, Custom DLT, Custom
            dissector]
-   id: custom_dlt
    label: Data Link Type
    dtype: int
    default: '-1'
    hide: ${ ('none' if encapsulation_from == '2' else 'part') }
-   id: custom_dissector_name
    label: Dissector
    dtype: string
    hide: ${ ('none' if encapsulation_from == '3' else 'part') }

inputs:
-   domain: message
    id: in

outputs:
-   domain: message
    id: out

templates:
    imports: import sandia_utils
    make: sandia_utils.rftap_encap(${encapsulation_from}, ${custom_dlt}, ${custom_dissector_name})

file_format: 1
