# auto-generated by grc.converter

id: sandia_utils_python_message_interface
label: Python Message Interface
category: '[Sandia]/Sandia Utilities'

parameters:
-   id: queue_size
    label: Queue Size
    dtype: int
    default: '100'

inputs:
-   domain: message
    id: msg_in
    optional: true

outputs:
-   domain: message
    id: msg_out
    optional: true

templates:
    imports: import sandia_utils
    make: sandia_utils.python_message_interface(${queue_size})

file_format: 1
