# auto-generated by grc.converter

id: sandia_utils_csv_writer
label: CSV Writer
category: '[Sandia]/Sandia Utilities'

parameters:
-   id: file
    label: File
    dtype: file_save
-   id: add_metadata
    label: Add Metadata?
    dtype: bool
    default: 'True'
    options: ['True', 'False']
    hide: part
-   id: metadata_format
    label: Metadata Format
    dtype: string
    hide: ${ ('none' if add_metadata else 'all') }
-   id: data_type
    label: Data Type
    dtype: enum
    default: '''uint8'''
    options: ['''uint8''', '''int8''', '''uint16''', '''int16''', '''uint32''', '''int32''',
        '''float''', '''complex float''', '''double''', '''complex double''']
    option_labels: [Unsigned 8-bit Integer, Signed 8-bit Integer, Unsigned 16-bit
            Integer, Signed 8-bit Integer, Unsigned 32-bit Integer, Signed 32-bit
            Integer, Single Precision (Float), Complex Single Precision (Complex Float),
        Double Precision (Double), Complex Double Precision (Complex Double)]
    option_attributes:
        int: ['True', 'True', 'True', 'True', 'True', 'True', 'False', 'False', 'False',
            'False']
-   id: precision
    label: Precision
    dtype: int
    default: '0'
    hide: ${ ('all' if data_type.int == 'True' else 'part') }

inputs:
-   domain: message
    id: in

templates:
    imports: import sandia_utils
    make: "sandia_utils.csv_writer(${file}, ${add_metadata}, ${metadata_format},\n
    ${data_type},${precision})"

file_format: 1
