# auto-generated by grc.converter

id: sandia_utils_file_monitor
label: File Monitor
category: '[Sandia]/Sandia Utilities/File Operators'

parameters:
-   id: nfiles
    label: Number of Files
    dtype: int
    default: '60'
-   id: output_path
    label: Output Path
    dtype: string
-   id: copy_data
    label: Copy Data?
    dtype: int
    default: 'False'
    options: ['1', '0']
    option_labels: ['Yes', 'No']

inputs:
-   domain: message
    id: pdu
    optional: true

templates:
    imports: import sandia_utils
    make: sandia_utils.file_monitor(${nfiles},${output_path},${copy_data})
    callbacks:
    - set_copy(${copy_data})
    - set_output_path(${output_path})
    - set_nfiles(${nfiles})

documentation: |-
    Monitor generated file data.

    This block is meant to monitor files generated using the file sink block which
    emits file names on message generation.  The block will allow for the retention
    of a specified number of files before removing them from the system.  At any
    point, the block can be signaled to copy the current monitored data to another
    location rather than removing from their current location.

file_format: 1
