# auto-generated by grc.converter

id: sandia_utils_invert_tune
label: Invert Tune
category: '[Sandia]/Sandia Utilities'

inputs:
-   domain: message
    id: tune
    optional: true

outputs:
-   domain: message
    id: tune
    optional: true

templates:
    imports: import sandia_utils
    make: sandia_utils.invert_tune()

documentation: |-
    This block will invert the value for key 'dsp_freq' in input tune dictionary.

file_format: 1
